
Microsoft Visual Studio Solution File, Format Version 12.00
# Visual Studio Version 17
VisualStudioVersion = 17.4.33213.308
MinimumVisualStudioVersion = 10.0.40219.1
Project("{9A19103F-16F7-4668-BE54-9A1E7A4F7556}") = "CadKit", "CadKit.csproj", "{89866927-C943-47E2-BE45-41694517A1D3}"
EndProject
Project("{FAE04EC0-301F-11D3-BF4B-00C04F79EFBC}") = "FieldsLibrary", "..\FieldsLibrary\FieldsLibrary.csproj", "{85B6BA43-DBD2-4B57-A029-A4CB4CCEE06B}"
EndProject
Project("{FAE04EC0-301F-11D3-BF4B-00C04F79EFBC}") = "ShapeLibrary", "..\ShapeLibrary\ShapeLibrary.csproj", "{EA1BBAE7-B763-4C49-BA7D-2C1C8E5877E2}"
EndProject
Global
	GlobalSection(SolutionConfigurationPlatforms) = preSolution
		Debug|Any CPU = Debug|Any CPU
		Release|Any CPU = Release|Any CPU
	EndGlobalSection
	GlobalSection(ProjectConfigurationPlatforms) = postSolution
		{89866927-C943-47E2-BE45-41694517A1D3}.Debug|Any CPU.ActiveCfg = Debug|Any CPU
		{89866927-C943-47E2-BE45-41694517A1D3}.Debug|Any CPU.Build.0 = Debug|Any CPU
		{89866927-C943-47E2-BE45-41694517A1D3}.Release|Any CPU.ActiveCfg = Release|Any CPU
		{89866927-C943-47E2-BE45-41694517A1D3}.Release|Any CPU.Build.0 = Release|Any CPU
		{85B6BA43-DBD2-4B57-A029-A4CB4CCEE06B}.Debug|Any CPU.ActiveCfg = Debug|Any CPU
		{85B6BA43-DBD2-4B57-A029-A4CB4CCEE06B}.Debug|Any CPU.Build.0 = Debug|Any CPU
		{85B6BA43-DBD2-4B57-A029-A4CB4CCEE06B}.Release|Any CPU.ActiveCfg = Release|Any CPU
		{85B6BA43-DBD2-4B57-A029-A4CB4CCEE06B}.Release|Any CPU.Build.0 = Release|Any CPU
		{EA1BBAE7-B763-4C49-BA7D-2C1C8E5877E2}.Debug|Any CPU.ActiveCfg = Debug|Any CPU
		{EA1BBAE7-B763-4C49-BA7D-2C1C8E5877E2}.Debug|Any CPU.Build.0 = Debug|Any CPU
		{EA1BBAE7-B763-4C49-BA7D-2C1C8E5877E2}.Release|Any CPU.ActiveCfg = Release|Any CPU
		{EA1BBAE7-B763-4C49-BA7D-2C1C8E5877E2}.Release|Any CPU.Build.0 = Release|Any CPU
	EndGlobalSection
	GlobalSection(SolutionProperties) = preSolution
		HideSolutionNode = FALSE
	EndGlobalSection
	GlobalSection(ExtensibilityGlobals) = postSolution
		SolutionGuid = {D6B77297-7F40-463B-B68D-42E470F54378}
	EndGlobalSection
EndGlobal
